
Microsoft Visual Studio Solution File, Format Version 12.00
# Visual Studio Version 16
VisualStudioVersion = 16.0.32228.343
MinimumVisualStudioVersion = 10.0.40219.1
Project("{FAE04EC0-301F-11D3-BF4B-00C04F79EFBC}") = "Pctcrd", "Pctcrd\Pctcrd.csproj", "{35DB7CEC-40BE-4B21-918B-206508025E8C}"
EndProject
Global
	GlobalSection(SolutionConfigurationPlatforms) = preSolution
		Debug|Any CPU = Debug|Any CPU
		Release|Any CPU = Release|Any CPU
	EndGlobalSection
	GlobalSection(ProjectConfigurationPlatforms) = postSolution
		{35DB7CEC-40BE-4B21-918B-206508025E8C}.Debug|Any CPU.ActiveCfg = Debug|Any CPU
		{35DB7CEC-40BE-4B21-918B-206508025E8C}.Debug|Any CPU.Build.0 = Debug|Any CPU
		{35DB7CEC-40BE-4B21-918B-206508025E8C}.Release|Any CPU.ActiveCfg = Release|Any CPU
		{35DB7CEC-40BE-4B21-918B-206508025E8C}.Release|Any CPU.Build.0 = Release|Any CPU
	EndGlobalSection
	GlobalSection(SolutionProperties) = preSolution
		HideSolutionNode = FALSE
	EndGlobalSection
	GlobalSection(ExtensibilityGlobals) = postSolution
		SolutionGuid = {739A93DC-B8D8-4D58-A001-629440293A0E}
	EndGlobalSection
EndGlobal
